
Microsoft Visual Studio Solution File, Format Version 12.00
# Visual Studio Version 17
VisualStudioVersion = 17.14.36301.6 d17.14
MinimumVisualStudioVersion = 10.0.40219.1
Project("{FAE04EC0-301F-11D3-BF4B-00C04F79EFBC}") = "exam#02", "exam#02\exam#02.csproj", "{AFB05D61-CE95-4992-9CD5-83C670C1F18A}"
EndProject
Global
	GlobalSection(SolutionConfigurationPlatforms) = preSolution
		Debug|Any CPU = Debug|Any CPU
		Release|Any CPU = Release|Any CPU
	EndGlobalSection
	GlobalSection(ProjectConfigurationPlatforms) = postSolution
		{AFB05D61-CE95-4992-9CD5-83C670C1F18A}.Debug|Any CPU.ActiveCfg = Debug|Any CPU
		{AFB05D61-CE95-4992-9CD5-83C670C1F18A}.Debug|Any CPU.Build.0 = Debug|Any CPU
		{AFB05D61-CE95-4992-9CD5-83C670C1F18A}.Release|Any CPU.ActiveCfg = Release|Any CPU
		{AFB05D61-CE95-4992-9CD5-83C670C1F18A}.Release|Any CPU.Build.0 = Release|Any CPU
	EndGlobalSection
	GlobalSection(SolutionProperties) = preSolution
		HideSolutionNode = FALSE
	EndGlobalSection
	GlobalSection(ExtensibilityGlobals) = postSolution
		SolutionGuid = {DC0D8034-54A8-4407-A306-D2012F69F479}
	EndGlobalSection
EndGlobal
